
Microsoft Visual Studio Solution File, Format Version 12.00
Project("{FAE04EC0-301F-11D3-BF4B-00C04F79EFBC}") = "Øvelse1", "Øvelse1\Øvelse1.csproj", "{046A323A-4D53-4FFA-B5C0-C7A549F40417}"
EndProject
Project("{FAE04EC0-301F-11D3-BF4B-00C04F79EFBC}") = "Øvelse2", "Øvelse2\Øvelse2.csproj", "{3AC0F7CA-B974-4ADD-9E65-C53BC3E9C2B9}"
EndProject
Project("{FAE04EC0-301F-11D3-BF4B-00C04F79EFBC}") = "Øvelse3", "Øvelse3\Øvelse3.csproj", "{25B1484C-DDAF-4411-AD83-454DBB2DD087}"
EndProject
Project("{FAE04EC0-301F-11D3-BF4B-00C04F79EFBC}") = "Øvelse4", "Øvelse4\Øvelse4.csproj", "{C61F70A8-EB09-4E58-B40D-6CF851233BC3}"
EndProject
Project("{FAE04EC0-301F-11D3-BF4B-00C04F79EFBC}") = "Øvelse8", "Øvelse8\Øvelse8.csproj", "{3E792B36-0DCB-47F8-9211-F3FB10D88E05}"
EndProject
Project("{FAE04EC0-301F-11D3-BF4B-00C04F79EFBC}") = "Øvelse9", "Øvelse9\Øvelse9.csproj", "{5270AC3C-FA48-4B30-A2AA-8C83A27C3A5C}"
EndProject
Project("{FAE04EC0-301F-11D3-BF4B-00C04F79EFBC}") = "Øvelse10", "Øvelse10\Øvelse10.csproj", "{7CBD3401-9423-4DBF-8D15-14691A95A0E4}"
EndProject
Project("{FAE04EC0-301F-11D3-BF4B-00C04F79EFBC}") = "Øvelse11", "Øvelse11\Øvelse11.csproj", "{A0F39615-7ABD-4F90-8DF6-460DCDBCF665}"
EndProject
Project("{FAE04EC0-301F-11D3-BF4B-00C04F79EFBC}") = "Øvelse12", "Øvelse12\Øvelse12.csproj", "{2474356E-992F-4812-A222-EE09100D2964}"
EndProject
Project("{FAE04EC0-301F-11D3-BF4B-00C04F79EFBC}") = "Øvelse13", "Øvelse13\Øvelse13.csproj", "{31AF7863-3DEA-4712-8484-7953038BF9F3}"
EndProject
Project("{FAE04EC0-301F-11D3-BF4B-00C04F79EFBC}") = "Øvelse14", "Øvelse14\Øvelse14.csproj", "{E5B08375-0DD2-4691-9117-F37D83BAAA4C}"
EndProject
Project("{FAE04EC0-301F-11D3-BF4B-00C04F79EFBC}") = "Øvelse5 6 7", "Øvelse5 6 7\Øvelse5 6 7.csproj", "{2E576D98-2487-4813-8D21-87A570739C5C}"
EndProject
Global
	GlobalSection(SolutionConfigurationPlatforms) = preSolution
		Debug|Any CPU = Debug|Any CPU
		Release|Any CPU = Release|Any CPU
	EndGlobalSection
	GlobalSection(ProjectConfigurationPlatforms) = postSolution
		{046A323A-4D53-4FFA-B5C0-C7A549F40417}.Debug|Any CPU.ActiveCfg = Debug|Any CPU
		{046A323A-4D53-4FFA-B5C0-C7A549F40417}.Debug|Any CPU.Build.0 = Debug|Any CPU
		{046A323A-4D53-4FFA-B5C0-C7A549F40417}.Release|Any CPU.ActiveCfg = Release|Any CPU
		{046A323A-4D53-4FFA-B5C0-C7A549F40417}.Release|Any CPU.Build.0 = Release|Any CPU
		{3AC0F7CA-B974-4ADD-9E65-C53BC3E9C2B9}.Debug|Any CPU.ActiveCfg = Debug|Any CPU
		{3AC0F7CA-B974-4ADD-9E65-C53BC3E9C2B9}.Debug|Any CPU.Build.0 = Debug|Any CPU
		{3AC0F7CA-B974-4ADD-9E65-C53BC3E9C2B9}.Release|Any CPU.ActiveCfg = Release|Any CPU
		{3AC0F7CA-B974-4ADD-9E65-C53BC3E9C2B9}.Release|Any CPU.Build.0 = Release|Any CPU
		{25B1484C-DDAF-4411-AD83-454DBB2DD087}.Debug|Any CPU.ActiveCfg = Debug|Any CPU
		{25B1484C-DDAF-4411-AD83-454DBB2DD087}.Debug|Any CPU.Build.0 = Debug|Any CPU
		{25B1484C-DDAF-4411-AD83-454DBB2DD087}.Release|Any CPU.ActiveCfg = Release|Any CPU
		{25B1484C-DDAF-4411-AD83-454DBB2DD087}.Release|Any CPU.Build.0 = Release|Any CPU
		{C61F70A8-EB09-4E58-B40D-6CF851233BC3}.Debug|Any CPU.ActiveCfg = Debug|Any CPU
		{C61F70A8-EB09-4E58-B40D-6CF851233BC3}.Debug|Any CPU.Build.0 = Debug|Any CPU
		{C61F70A8-EB09-4E58-B40D-6CF851233BC3}.Release|Any CPU.ActiveCfg = Release|Any CPU
		{C61F70A8-EB09-4E58-B40D-6CF851233BC3}.Release|Any CPU.Build.0 = Release|Any CPU
		{3E792B36-0DCB-47F8-9211-F3FB10D88E05}.Debug|Any CPU.ActiveCfg = Debug|Any CPU
		{3E792B36-0DCB-47F8-9211-F3FB10D88E05}.Debug|Any CPU.Build.0 = Debug|Any CPU
		{3E792B36-0DCB-47F8-9211-F3FB10D88E05}.Release|Any CPU.ActiveCfg = Release|Any CPU
		{3E792B36-0DCB-47F8-9211-F3FB10D88E05}.Release|Any CPU.Build.0 = Release|Any CPU
		{5270AC3C-FA48-4B30-A2AA-8C83A27C3A5C}.Debug|Any CPU.ActiveCfg = Debug|Any CPU
		{5270AC3C-FA48-4B30-A2AA-8C83A27C3A5C}.Debug|Any CPU.Build.0 = Debug|Any CPU
		{5270AC3C-FA48-4B30-A2AA-8C83A27C3A5C}.Release|Any CPU.ActiveCfg = Release|Any CPU
		{5270AC3C-FA48-4B30-A2AA-8C83A27C3A5C}.Release|Any CPU.Build.0 = Release|Any CPU
		{7CBD3401-9423-4DBF-8D15-14691A95A0E4}.Debug|Any CPU.ActiveCfg = Debug|Any CPU
		{7CBD3401-9423-4DBF-8D15-14691A95A0E4}.Debug|Any CPU.Build.0 = Debug|Any CPU
		{7CBD3401-9423-4DBF-8D15-14691A95A0E4}.Release|Any CPU.ActiveCfg = Release|Any CPU
		{7CBD3401-9423-4DBF-8D15-14691A95A0E4}.Release|Any CPU.Build.0 = Release|Any CPU
		{A0F39615-7ABD-4F90-8DF6-460DCDBCF665}.Debug|Any CPU.ActiveCfg = Debug|Any CPU
		{A0F39615-7ABD-4F90-8DF6-460DCDBCF665}.Debug|Any CPU.Build.0 = Debug|Any CPU
		{A0F39615-7ABD-4F90-8DF6-460DCDBCF665}.Release|Any CPU.ActiveCfg = Release|Any CPU
		{A0F39615-7ABD-4F90-8DF6-460DCDBCF665}.Release|Any CPU.Build.0 = Release|Any CPU
		{2474356E-992F-4812-A222-EE09100D2964}.Debug|Any CPU.ActiveCfg = Debug|Any CPU
		{2474356E-992F-4812-A222-EE09100D2964}.Debug|Any CPU.Build.0 = Debug|Any CPU
		{2474356E-992F-4812-A222-EE09100D2964}.Release|Any CPU.ActiveCfg = Release|Any CPU
		{2474356E-992F-4812-A222-EE09100D2964}.Release|Any CPU.Build.0 = Release|Any CPU
		{31AF7863-3DEA-4712-8484-7953038BF9F3}.Debug|Any CPU.ActiveCfg = Debug|Any CPU
		{31AF7863-3DEA-4712-8484-7953038BF9F3}.Debug|Any CPU.Build.0 = Debug|Any CPU
		{31AF7863-3DEA-4712-8484-7953038BF9F3}.Release|Any CPU.ActiveCfg = Release|Any CPU
		{31AF7863-3DEA-4712-8484-7953038BF9F3}.Release|Any CPU.Build.0 = Release|Any CPU
		{E5B08375-0DD2-4691-9117-F37D83BAAA4C}.Debug|Any CPU.ActiveCfg = Debug|Any CPU
		{E5B08375-0DD2-4691-9117-F37D83BAAA4C}.Debug|Any CPU.Build.0 = Debug|Any CPU
		{E5B08375-0DD2-4691-9117-F37D83BAAA4C}.Release|Any CPU.ActiveCfg = Release|Any CPU
		{E5B08375-0DD2-4691-9117-F37D83BAAA4C}.Release|Any CPU.Build.0 = Release|Any CPU
		{2E576D98-2487-4813-8D21-87A570739C5C}.Debug|Any CPU.ActiveCfg = Debug|Any CPU
		{2E576D98-2487-4813-8D21-87A570739C5C}.Debug|Any CPU.Build.0 = Debug|Any CPU
		{2E576D98-2487-4813-8D21-87A570739C5C}.Release|Any CPU.ActiveCfg = Release|Any CPU
		{2E576D98-2487-4813-8D21-87A570739C5C}.Release|Any CPU.Build.0 = Release|Any CPU
	EndGlobalSection
EndGlobal
